# This file is automatically @generated by Cargo.
# It is not intended for manual editing.
[[package]]
name = "cryptopal"
version = "0.1.0"
dependencies = [
 "dbc 0.3.3 (registry+https://github.com/rust-lang/crates.io-index)",
]

[[package]]
name = "dbc"
version = "0.3.3"
source = "registry+https://github.com/rust-lang/crates.io-index"

[metadata]
"checksum dbc 0.3.3 (registry+https://github.com/rust-lang/crates.io-index)" = "2d2657eea7d8e06f1189429a3b8900b12dda0217970681ba3953cba3fe175110"
